hash: 005afc127d437cb4dc39ad068f4ab5888638cbb9070249149046f7eb1b833554
updated: 2020-02-20T18:28:40.771140226-06:00
imports:
- name: github.com/bmizerany/aws4
  version: 5fb2e72396263668edd9a2956052e402cf6c104a
- name: github.com/bwmarrin/dgvoice
  version: 3c939eca8b2f42c3c8cdaf3444ec4c0223d1d1df
- name: github.com/bwmarrin/discordgo
  version: b3cc83b10cce9e09fd126fd9bca044be3f97a4f6
- name: github.com/enriquebris/goconcurrentqueue
  version: 4212a49076af810683a10568c5dcb4e87715a510
- name: github.com/go-stack/stack
  version: 2fee6af1a9795aafbe0253a0cfbdf668e1fb8a9a
- name: github.com/golang/snappy
  version: ff6b7dc882cf4cfba7ee0b9f7dcc1ac096c554aa
- name: github.com/gorilla/websocket
  version: c3e18be99d19e6b3e8f1559eea2c161a665c4b6b
- name: github.com/joho/godotenv
  version: 23d116af351c84513e1946b527c88823e476be13
- name: github.com/jonas747/dca
  version: 10e959e9d3e808cd961308760de0c1c36285fed7
- name: github.com/jonas747/ogg
  version: b4f6f4cf3757a3bf88eae9222045b99b9d76d8ca
- name: github.com/leprosus/golang-tts
  version: a4737dbd315b795dc6cc24a6faca178c3b7ce3f7
- name: github.com/rylio/ytdl
  version: bd30f781270fa4d6df59e2a49948cd157030a2c6
- name: github.com/speps/go-hashids
  version: ad304c6ede07ca1f915c30a5510c45860aa165a7
- name: github.com/xdg/scram
  version: 7eeb5667e42c09cb51bf7b7c28aea8c56767da90
- name: github.com/xdg/stringprep
  version: 73f8eece6fdcd902c185bf651de50f3828bed5ed
- name: go.mongodb.org/mongo-driver
  version: c5d1ddd8cbe3680a846c26e13f1117ca00e83e75
  subpackages:
  - bson
  - bson/bsoncodec
  - bson/bsonrw
  - bson/bsontype
  - bson/primitive
  - event
  - internal
  - mongo
  - mongo/options
  - mongo/readconcern
  - mongo/readpref
  - mongo/writeconcern
  - tag
  - version
  - x/bsonx
  - x/bsonx/bsoncore
  - x/mongo/driver
  - x/mongo/driver/address
  - x/mongo/driver/auth
  - x/mongo/driver/auth/internal/gssapi
  - x/mongo/driver/connstring
  - x/mongo/driver/description
  - x/mongo/driver/dns
  - x/mongo/driver/operation
  - x/mongo/driver/session
  - x/mongo/driver/topology
  - x/mongo/driver/uuid
  - x/mongo/driver/wiremessage
- name: golang.org/x/crypto
  version: bac4c82f69751a6dd76e702d54b3ceb88adab236
  subpackages:
  - internal/subtle
  - nacl/secretbox
  - pbkdf2
  - poly1305
  - salsa20/salsa
- name: golang.org/x/sync
  version: cd5d95a43a6e21273425c7ae415d3df9ea832eeb
  subpackages:
  - semaphore
- name: golang.org/x/sys
  version: cb0a6d8edb6c3528b01a0be84a5fe513dbf880a6
  subpackages:
  - cpu
- name: golang.org/x/text
  version: 929e72ca90deac4784bbe451caf10faa5b256ebe
  subpackages:
  - transform
  - unicode/norm
testImports: []
