hash: 79182333de4d1382cf1f1143ac3958103e7d274f30888b4c8640be36baafaeb5
updated: 2019-11-19T23:34:56.5079512-06:00
imports:
- name: github.com/bwmarrin/discordgo
  version: dd99dea7adba674baa401e52362d6e330b50acf8
- name: github.com/joho/godotenv
  version: 23d116af351c84513e1946b527c88823e476be13
- name: github.com/jonas747/dca
  version: 10e959e9d3e808cd961308760de0c1c36285fed7
- name: go.mongodb.org/mongo-driver
  version: 797e0a635920c291b1808180bf7249eaac5eafed
  subpackages:
  - bson
  - mongo
  - mongo/options
testImports: []
